
Microsoft Visual Studio Solution File, Format Version 12.00
# Visual Studio Version 17
VisualStudioVersion = 17.14.36221.1 d17.14
MinimumVisualStudioVersion = 10.0.40219.1
Project("{FAE04EC0-301F-11D3-BF4B-00C04F79EFBC}") = "task manegemt", "task manegemt\task manegemt.csproj", "{7A213297-8073-4D1A-8C31-7145DAB46523}"
EndProject
Global
	GlobalSection(SolutionConfigurationPlatforms) = preSolution
		Debug|Any CPU = Debug|Any CPU
		Release|Any CPU = Release|Any CPU
	EndGlobalSection
	GlobalSection(ProjectConfigurationPlatforms) = postSolution
		{7A213297-8073-4D1A-8C31-7145DAB46523}.Debug|Any CPU.ActiveCfg = Debug|Any CPU
		{7A213297-8073-4D1A-8C31-7145DAB46523}.Debug|Any CPU.Build.0 = Debug|Any CPU
		{7A213297-8073-4D1A-8C31-7145DAB46523}.Release|Any CPU.ActiveCfg = Release|Any CPU
		{7A213297-8073-4D1A-8C31-7145DAB46523}.Release|Any CPU.Build.0 = Release|Any CPU
	EndGlobalSection
	GlobalSection(SolutionProperties) = preSolution
		HideSolutionNode = FALSE
	EndGlobalSection
	GlobalSection(ExtensibilityGlobals) = postSolution
		SolutionGuid = {EA1A317C-3559-4016-8EA3-B88687F60A80}
	EndGlobalSection
EndGlobal
