
Microsoft Visual Studio Solution File, Format Version 12.00
# Visual Studio Version 17
VisualStudioVersion = 17.14.36518.9 d17.14
MinimumVisualStudioVersion = 10.0.40219.1
Project("{FAE04EC0-301F-11D3-BF4B-00C04F79EFBC}") = "Expense", "Expense.csproj", "{601DD58B-3064-4966-A0A1-147B5C3268D2}"
EndProject
Global
	GlobalSection(SolutionConfigurationPlatforms) = preSolution
		Debug|Any CPU = Debug|Any CPU
		Release|Any CPU = Release|Any CPU
	EndGlobalSection
	GlobalSection(ProjectConfigurationPlatforms) = postSolution
		{601DD58B-3064-4966-A0A1-147B5C3268D2}.Debug|Any CPU.ActiveCfg = Debug|Any CPU
		{601DD58B-3064-4966-A0A1-147B5C3268D2}.Debug|Any CPU.Build.0 = Debug|Any CPU
		{601DD58B-3064-4966-A0A1-147B5C3268D2}.Release|Any CPU.ActiveCfg = Release|Any CPU
		{601DD58B-3064-4966-A0A1-147B5C3268D2}.Release|Any CPU.Build.0 = Release|Any CPU
	EndGlobalSection
	GlobalSection(SolutionProperties) = preSolution
		HideSolutionNode = FALSE
	EndGlobalSection
	GlobalSection(ExtensibilityGlobals) = postSolution
		SolutionGuid = {ADFC4F9A-C5B7-4ED5-8F2E-AD16F198FFBA}
	EndGlobalSection
EndGlobal
